PackratFormat: 1.4
PackratVersion: 0.5.0
RVersion: 4.0.2
Repos: CRAN=https://cran.rstudio.com/,
    BioCsoft=https://bioconductor.org/packages/3.11/bioc,
    BioCann=https://bioconductor.org/packages/3.11/data/annotation,
    BioCexp=https://bioconductor.org/packages/3.11/data/experiment,
    CRANextra=https://www.stats.ox.ac.uk/pub/RWin,
    Omegahat=http://www.omegahat.net/R,
    R-Forge=https://R-Forge.R-project.org,
    rforge.net=https://www.rforge.net

Package: BH
Source: CRAN
Version: 1.72.0-3
Hash: fc53be86f0b712d3de03fef95893d710

Package: MASS
Source: CRAN
Version: 7.3-53
Hash: 34151e53eabf74b94c982a0d1f4a7f79

Package: Matrix
Source: CRAN
Version: 1.2-18
Hash: 54974505e2addac3ec63f9d4bf8ff98a
Requires: lattice

Package: R6
Source: CRAN
Version: 2.4.1
Hash: b488861d8c3dfac497e041ec911df9fb

Package: RColorBrewer
Source: CRAN
Version: 1.1-2
Hash: c0d56cd15034f395874c870141870c25

Package: RankAggreg
Source: CRAN
Version: 0.6.6
Hash: 43b646ed9d3e6386cece26e968f2d2eb
Requires: gtools

Package: Rcpp
Source: CRAN
Version: 1.0.5
Hash: f6e400231df42179d6ce8fb35e52bf3f

Package: SLqPCR
Source: Bioconductor
Version: 1.54.0
Hash: af52c220aafa1d75542255c252b271bd

Package: assertthat
Source: CRAN
Version: 0.2.1
Hash: 622be49032fe50bd42e96aaef613e209

Package: backports
Source: CRAN
Version: 1.1.10
Hash: 1cc899cb310a2e8194f0eeeb15eaf264

Package: base64enc
Source: CRAN
Version: 0.1-3
Hash: c590d29e555926af053055e23ee79efb

Package: callr
Source: CRAN
Version: 3.4.4
Hash: 05a42272027aa4858995c4656e45e21f
Requires: R6, processx

Package: cli
Source: CRAN
Version: 2.0.2
Hash: 6fc0b39f0fdbe3a025062807019e1180
Requires: assertthat, crayon, fansi, glue

Package: colorspace
Source: CRAN
Version: 1.4-1
Hash: 60a56e9998b8b58ee378db3dc91b27a5

Package: commonmark
Source: CRAN
Version: 1.7
Hash: 77f4ba718e2bad1877ef26e48cf8fa43

Package: crayon
Source: CRAN
Version: 1.3.4
Hash: ff2840dd9b0d563fc80377a5a45510cd

Package: ctrlGene
Source: CRAN
Version: 1.0.1
Hash: 23b837c956772fbab6f06c1455484bb2
Requires: psych

Package: data.table
Source: CRAN
Version: 1.13.0
Hash: 7ac8e8514f185a5415ecc95ccbc50e1a

Package: desc
Source: CRAN
Version: 1.2.0
Hash: a0a3ca939997679a52816bae4ed6aaae
Requires: R6, assertthat, crayon, rprojroot

Package: digest
Source: CRAN
Version: 0.6.25
Hash: ec0a673866797c8c1fc1daa359fb4cad

Package: dplyr
Source: CRAN
Version: 1.0.2
Hash: ea54da55bb8474c5f1e7852ea3315c22
Requires: R6, ellipsis, generics, glue, lifecycle, magrittr, rlang,
    tibble, tidyselect, vctrs

Package: ellipsis
Source: CRAN
Version: 0.3.1
Hash: b294fcc92985c6235df03c1c34f25e99
Requires: rlang

Package: evaluate
Source: CRAN
Version: 0.14
Hash: 18306cc3bc1aec7b7360eea8a0eb0ee1

Package: fansi
Source: CRAN
Version: 0.4.1
Hash: fc0a252b8e427847d13e89f56ab4665e

Package: farver
Source: CRAN
Version: 2.0.3
Hash: 29a358c21cb8de2e424cbec6b6be6553

Package: fastmap
Source: CRAN
Version: 1.0.1
Hash: d272cd728e4095b3964181b44763f46c

Package: generics
Source: CRAN
Version: 0.0.2
Hash: 4aaf002dd434e8c854611c5d11a1d58e

Package: ggplot2
Source: CRAN
Version: 3.3.2
Hash: e5836c08c1243c1fc26608f708fc1d8c
Requires: MASS, digest, glue, gtable, isoband, mgcv, rlang, scales,
    tibble, withr

Package: glue
Source: CRAN
Version: 1.4.2
Hash: afa798ba9deec3676e20300b79094749

Package: gtable
Source: CRAN
Version: 0.3.0
Hash: a9e7b0666eb933a0cb36779240b4462e

Package: gtools
Source: CRAN
Version: 3.8.2
Hash: c157b036aad8f9889c810af94f9c7c6a

Package: htmltools
Source: CRAN
Version: 0.5.0
Hash: 79070a001acba57f88692d17e859bac5
Requires: base64enc, digest, rlang

Package: httpuv
Source: CRAN
Version: 1.5.4
Hash: 8c8e24cfefa0977e389e458129cf96e3
Requires: BH, R6, Rcpp, later, promises

Package: isoband
Source: CRAN
Version: 0.2.2
Hash: 2264002205b89ba462ceb55c6edad2ea
Requires: testthat

Package: jsonlite
Source: CRAN
Version: 1.7.1
Hash: 313e0917dfcfbc98bb87d79da0d85aaa

Package: labeling
Source: CRAN
Version: 0.3
Hash: ecf589b42cd284b03a4beb9665482d3e

Package: later
Source: CRAN
Version: 1.1.0.1
Hash: 0c6d0dbad70a1b8698919b5d70e8a430
Requires: BH, Rcpp, rlang

Package: lattice
Source: CRAN
Version: 0.20-41
Hash: ff87ada677a6e2aacdcc1f9412f68366

Package: lifecycle
Source: CRAN
Version: 0.2.0
Hash: df8649860c43571aab68cc73a2a02807
Requires: glue, rlang

Package: magrittr
Source: CRAN
Version: 1.5
Hash: bdc4d48c3135e8f3b399536ddf160df4

Package: mgcv
Source: CRAN
Version: 1.8-33
Hash: 5ee3b1282cd29db13e872366e0a7be33
Requires: Matrix, nlme

Package: mime
Source: CRAN
Version: 0.9
Hash: f3388735b4ddea072aff3be44f7f4968

Package: mnormt
Source: CRAN
Version: 2.0.2
Hash: a56d486d334c1a57ae60c8ec8a146b8f
Requires: tmvnsim

Package: munsell
Source: CRAN
Version: 0.5.0
Hash: 38d0efee9bb99bef143bde41c4ce715c
Requires: colorspace

Package: nlme
Source: CRAN
Version: 3.1-149
Hash: 15d30845a83af02e25dce29e08cfd570
Requires: lattice

Package: pillar
Source: CRAN
Version: 1.4.6
Hash: 6704b42ab2ee962d6ea8f21266b52997
Requires: cli, crayon, ellipsis, fansi, lifecycle, rlang, utf8, vctrs

Package: pkgbuild
Source: CRAN
Version: 1.1.0
Hash: 3627518e6ba9330b1318a1b8cd213951
Requires: R6, callr, cli, crayon, desc, prettyunits, rprojroot, withr

Package: pkgconfig
Source: CRAN
Version: 2.0.3
Hash: 5ff5f2361851a49534c96caa2a8071c7

Package: pkgload
Source: CRAN
Version: 1.1.0
Hash: a65ac8a100a65cff8e5e4a122d2a51af
Requires: cli, crayon, desc, pkgbuild, rlang, rprojroot, rstudioapi,
    withr

Package: plyr
Source: CRAN
Version: 1.8.6
Hash: 843fdf947862e66a51fc94b930519abc
Requires: Rcpp

Package: praise
Source: CRAN
Version: 1.0.0
Hash: 77da8f1df873a4b91e5c4a68fe2fb1b6

Package: prettyunits
Source: CRAN
Version: 1.1.1
Hash: 20669cd8bb8b3207f6371edf8cf510af

Package: processx
Source: CRAN
Version: 3.4.4
Hash: ef20d774e1a134562e23b314ebc98792
Requires: R6, ps

Package: promises
Source: CRAN
Version: 1.1.1
Hash: 0f58aaef1b398b33f902cd50cb50d2d0
Requires: R6, Rcpp, later, magrittr, rlang

Package: ps
Source: CRAN
Version: 1.3.4
Hash: d19c0a5ddc9ace11844c0e988d249c0a

Package: psych
Source: CRAN
Version: 2.0.8
Hash: 1e6a04d4c214a66f77bfe5cdd1f0c86d
Requires: lattice, mnormt, nlme

Package: purrr
Source: CRAN
Version: 0.3.4
Hash: fb4c0edca61826ca0b5b33c828a7b276
Requires: magrittr, rlang

Package: reshape2
Source: CRAN
Version: 1.4.4
Hash: 7523bbd6a9f0e07c701adf4e1365bd7b
Requires: Rcpp, plyr, stringr

Package: rlang
Source: CRAN
Version: 0.4.7
Hash: 99d4f4d35ed6991498e7f6c5df8c8ca8

Package: rprojroot
Source: CRAN
Version: 1.3-2
Hash: a25c3f70c166fb3fbabc410eb32b6366
Requires: backports

Package: rstudioapi
Source: CRAN
Version: 0.11
Hash: f8674fe40760ccfc1bf3e92da4c9f4d0

Package: scales
Source: CRAN
Version: 1.1.1
Hash: b67ae9f62ecb8912751eb664055d8f8a
Requires: R6, RColorBrewer, farver, labeling, lifecycle, munsell,
    viridisLite

Package: shiny
Source: CRAN
Version: 1.5.0
Hash: c6e7eb15d6cd1f0f21b6afe871d6e106
Requires: R6, commonmark, crayon, digest, fastmap, glue, htmltools,
    httpuv, jsonlite, later, mime, promises, rlang, sourcetools, withr,
    xtable

Package: shinyBS
Source: CRAN
Version: 0.61
Hash: 4644935bd93e62a0b82686b26af7efc2
Requires: htmltools, shiny

Package: shinyWidgets
Source: CRAN
Version: 0.5.3
Hash: 38209297307be9249b6012a95b84f43d
Requires: htmltools, jsonlite, shiny

Package: shinydashboard
Source: CRAN
Version: 0.7.1
Hash: 9ff3e3d1aa83d9ae9b75c6f31e982aa6
Requires: htmltools, promises, shiny

Package: shinythemes
Source: CRAN
Version: 1.1.2
Hash: b5eb2598708219fdfd4dcd65dae6d318
Requires: shiny

Package: sourcetools
Source: CRAN
Version: 0.1.7
Hash: d093478ac90064e670cd4bf1a99b47b6

Package: stringi
Source: CRAN
Version: 1.5.3
Hash: 30919ce6e9ad5bb8e9fcb1ed59ebcd6e

Package: stringr
Source: CRAN
Version: 1.4.0
Hash: 67da32dbb2a7a16f2ef124336358e54a
Requires: glue, magrittr, stringi

Package: testthat
Source: CRAN
Version: 2.3.2
Hash: 5a3a20ddc31b2aa228dab6d29bd43948
Requires: R6, cli, crayon, digest, ellipsis, evaluate, magrittr,
    pkgload, praise, rlang, withr

Package: tibble
Source: CRAN
Version: 3.0.3
Hash: 0f09f15d866589a54943e022b5498859
Requires: cli, crayon, ellipsis, fansi, lifecycle, magrittr, pillar,
    pkgconfig, rlang, vctrs

Package: tidyselect
Source: CRAN
Version: 1.1.0
Hash: 1c7cea9ea925b701a93f378ec7233ee1
Requires: ellipsis, glue, purrr, rlang, vctrs

Package: tmvnsim
Source: CRAN
Version: 1.0-2
Hash: ee9a521f8c9708b62a1f14f8a141cabe

Package: utf8
Source: CRAN
Version: 1.1.4
Hash: f3f97ce59092abc8ed3fd098a59e236c

Package: vctrs
Source: CRAN
Version: 0.3.4
Hash: e2fa0690dc48240c8cb505130779f3b6
Requires: digest, ellipsis, glue, rlang

Package: viridisLite
Source: CRAN
Version: 0.3.0
Hash: 78bb072c4f9e729a283d4c40ec93f9c6

Package: withr
Source: CRAN
Version: 2.3.0
Hash: 61705f0d3d88300a7b54bdf2e65df312

Package: xtable
Source: CRAN
Version: 1.8-4
Hash: dc0d47261b678d26032363bebd050540
